PODS:
  - Flutter (1.0.0)
  - flutter_splash_screen (0.0.1):
    - Flutter

DEPENDENCIES:
  - Flutter (from `Flutter`)
  - flutter_splash_screen (from `.symlinks/plugins/flutter_splash_screen/ios`)

EXTERNAL SOURCES:
  Flutter:
    :path: Flutter
  flutter_splash_screen:
    :path: ".symlinks/plugins/flutter_splash_screen/ios"

SPEC CHECKSUMS:
  Flutter: f04841e97a9d0b0a8025694d0796dd46242b2854
  flutter_splash_screen: a3ee8bcb448d4b2645dbac45add3dabfe51f4471

PODFILE CHECKSUM: 70d9d25280d0dd177a5f637cdb0f0b0b12c6a189

COCOAPODS: 1.12.1
